
Microsoft Visual Studio Solution File, Format Version 12.00
# Visual Studio Version 16
VisualStudioVersion = 16.0.29806.167
MinimumVisualStudioVersion = 10.0.40219.1
Project("{2150E333-8FDC-42A3-9474-1A3956D46DE8}") = "0 - UI", "0 - UI", "{B69AA539-481B-45E6-BBC3-E5676C88DF72}"
EndProject
Project("{2150E333-8FDC-42A3-9474-1A3956D46DE8}") = "2 - Domain", "2 - Domain", "{27332199-D54A-4C8F-AFCB-C4886D763889}"
EndProject
Project("{9A19103F-16F7-4668-BE54-9A1E7A4F7556}") = "App.Domain", "server\App.Domain\App.Domain.csproj", "{5178A079-79DF-4866-B94F-1C675C01D941}"
EndProject
Project("{2150E333-8FDC-42A3-9474-1A3956D46DE8}") = "1 - Application", "1 - Application", "{FC8FC9BF-2BA5-473F-AECA-CEA307C1E237}"
EndProject
Project("{9A19103F-16F7-4668-BE54-9A1E7A4F7556}") = "App.Application", "server\App.Application\App.Application.csproj", "{0B9319A2-7A30-40AC-8AFE-B258C5553620}"
EndProject
Project("{2150E333-8FDC-42A3-9474-1A3956D46DE8}") = "3 - Infra", "3 - Infra", "{466D504F-D8E2-4214-B6F7-7FA8D24144E0}"
EndProject
Project("{2150E333-8FDC-42A3-9474-1A3956D46DE8}") = "3.1 - App.Infra.Data", "3.1 - App.Infra.Data", "{F9473858-68C2-4375-BD8E-8CF935B26DF4}"
EndProject
Project("{9A19103F-16F7-4668-BE54-9A1E7A4F7556}") = "App.Infra.Data", "server\App.Infra.Data\App.Infra.Data.csproj", "{AD7B2116-820A-4A37-885C-5EA7CB3E0961}"
EndProject
Project("{E24C65DC-7377-472B-9ABA-BC803B73C61A}") = "client", "client\", "{216BAD99-7A9F-4BE5-9C4A-17116A4E175A}"
	ProjectSection(WebsiteProperties) = preProject
		TargetFrameworkMoniker = ".NETFramework,Version%3Dv4.0"
		Debug.AspNetCompiler.VirtualPath = "/localhost_51202"
		Debug.AspNetCompiler.PhysicalPath = "client\"
		Debug.AspNetCompiler.TargetPath = "PrecompiledWeb\localhost_51202\"
		Debug.AspNetCompiler.Updateable = "true"
		Debug.AspNetCompiler.ForceOverwrite = "true"
		Debug.AspNetCompiler.FixedNames = "false"
		Debug.AspNetCompiler.Debug = "True"
		Release.AspNetCompiler.VirtualPath = "/localhost_51202"
		Release.AspNetCompiler.PhysicalPath = "client\"
		Release.AspNetCompiler.TargetPath = "PrecompiledWeb\localhost_51202\"
		Release.AspNetCompiler.Updateable = "true"
		Release.AspNetCompiler.ForceOverwrite = "true"
		Release.AspNetCompiler.FixedNames = "false"
		Release.AspNetCompiler.Debug = "False"
		VWDPort = "51202"
		SlnRelativePath = "client\"
	EndProjectSection
EndProject
Global
	GlobalSection(SolutionConfigurationPlatforms) = preSolution
		Debug|Any CPU = Debug|Any CPU
		Release|Any CPU = Release|Any CPU
	EndGlobalSection
	GlobalSection(ProjectConfigurationPlatforms) = postSolution
		{5178A079-79DF-4866-B94F-1C675C01D941}.Debug|Any CPU.ActiveCfg = Debug|Any CPU
		{5178A079-79DF-4866-B94F-1C675C01D941}.Debug|Any CPU.Build.0 = Debug|Any CPU
		{5178A079-79DF-4866-B94F-1C675C01D941}.Release|Any CPU.ActiveCfg = Release|Any CPU
		{5178A079-79DF-4866-B94F-1C675C01D941}.Release|Any CPU.Build.0 = Release|Any CPU
		{0B9319A2-7A30-40AC-8AFE-B258C5553620}.Debug|Any CPU.ActiveCfg = Debug|Any CPU
		{0B9319A2-7A30-40AC-8AFE-B258C5553620}.Debug|Any CPU.Build.0 = Debug|Any CPU
		{0B9319A2-7A30-40AC-8AFE-B258C5553620}.Release|Any CPU.ActiveCfg = Release|Any CPU
		{0B9319A2-7A30-40AC-8AFE-B258C5553620}.Release|Any CPU.Build.0 = Release|Any CPU
		{AD7B2116-820A-4A37-885C-5EA7CB3E0961}.Debug|Any CPU.ActiveCfg = Debug|Any CPU
		{AD7B2116-820A-4A37-885C-5EA7CB3E0961}.Debug|Any CPU.Build.0 = Debug|Any CPU
		{AD7B2116-820A-4A37-885C-5EA7CB3E0961}.Release|Any CPU.ActiveCfg = Release|Any CPU
		{AD7B2116-820A-4A37-885C-5EA7CB3E0961}.Release|Any CPU.Build.0 = Release|Any CPU
		{216BAD99-7A9F-4BE5-9C4A-17116A4E175A}.Debug|Any CPU.ActiveCfg = Debug|Any CPU
		{216BAD99-7A9F-4BE5-9C4A-17116A4E175A}.Debug|Any CPU.Build.0 = Debug|Any CPU
		{216BAD99-7A9F-4BE5-9C4A-17116A4E175A}.Release|Any CPU.ActiveCfg = Debug|Any CPU
		{216BAD99-7A9F-4BE5-9C4A-17116A4E175A}.Release|Any CPU.Build.0 = Debug|Any CPU
	EndGlobalSection
	GlobalSection(SolutionProperties) = preSolution
		HideSolutionNode = FALSE
	EndGlobalSection
	GlobalSection(NestedProjects) = preSolution
		{5178A079-79DF-4866-B94F-1C675C01D941} = {27332199-D54A-4C8F-AFCB-C4886D763889}
		{0B9319A2-7A30-40AC-8AFE-B258C5553620} = {FC8FC9BF-2BA5-473F-AECA-CEA307C1E237}
		{F9473858-68C2-4375-BD8E-8CF935B26DF4} = {466D504F-D8E2-4214-B6F7-7FA8D24144E0}
		{AD7B2116-820A-4A37-885C-5EA7CB3E0961} = {F9473858-68C2-4375-BD8E-8CF935B26DF4}
		{216BAD99-7A9F-4BE5-9C4A-17116A4E175A} = {B69AA539-481B-45E6-BBC3-E5676C88DF72}
	EndGlobalSection
	GlobalSection(ExtensibilityGlobals) = postSolution
		SolutionGuid = {8F9B7564-ADF0-4694-84EC-23A519E45CFD}
	EndGlobalSection
EndGlobal
